PODS:
  - Flutter (1.0.0)
  - HyphenateChat (4.0.2)
  - im_flutter_sdk (0.0.1):
    - Flutter
    - HyphenateChat (= 4.0.2)

DEPENDENCIES:
  - Flutter (from `Flutter`)
  - im_flutter_sdk (from `.symlinks/plugins/im_flutter_sdk/ios`)

SPEC REPOS:
  trunk:
    - HyphenateChat

EXTERNAL SOURCES:
  Flutter:
    :path: Flutter
  im_flutter_sdk:
    :path: ".symlinks/plugins/im_flutter_sdk/ios"

SPEC CHECKSUMS:
  Flutter: f04841e97a9d0b0a8025694d0796dd46242b2854
  HyphenateChat: add908a7200ba951a5b27a0fa2514ea6f532e69c
  im_flutter_sdk: 9d47f25fb0815b9ae5a7c157e1ccda245fb3a321

PODFILE CHECKSUM: 7368163408c647b7eb699d0d788ba6718e18fb8d

COCOAPODS: 1.11.3
