PODS:
  - agora_chat_sdk_ios (1.4.0):
    - Flutter
    - HyphenateChat (= 4.16.2)
  - AgoraInfra_iOS (1.3.0)
  - Flutter (1.0.0)
  - HyphenateChat (4.16.2):
    - AgoraInfra_iOS (~> 1.3.0)

DEPENDENCIES:
  - agora_chat_sdk_ios (from `.symlinks/plugins/agora_chat_sdk_ios/ios`)
  - Flutter (from `Flutter`)

SPEC REPOS:
  trunk:
    - AgoraInfra_iOS
    - HyphenateChat

EXTERNAL SOURCES:
  agora_chat_sdk_ios:
    :path: ".symlinks/plugins/agora_chat_sdk_ios/ios"
  Flutter:
    :path: Flutter

SPEC CHECKSUMS:
  agora_chat_sdk_ios: 6ff8dd7b83f358ef9291ca45143d377a341cb70d
  AgoraInfra_iOS: bfbe01cc1cbc8cdd6fa2cba50393e621fd859c6b
  Flutter: cabc95a1d2626b1b06e7179b784ebcf0c0cde467
  HyphenateChat: 05918e069e96a19e4c13e0b4be41a9ac3eeba5d0

PODFILE CHECKSUM: 3c63482e143d1b91d2d2560aee9fb04ecc74ac7e

COCOAPODS: 1.16.2
